
Microsoft Visual Studio Solution File, Format Version 12.00
# Visual Studio Version 17
VisualStudioVersion = 17.14.36414.22 d17.14
MinimumVisualStudioVersion = 10.0.40219.1
Project("{FAE04EC0-301F-11D3-BF4B-00C04F79EFBC}") = "FinanceCalculator", "FinanceCalculator\FinanceCalculator.csproj", "{02B4907A-500E-4D45-8B04-5185582FBDC9}"
EndProject
Global
	GlobalSection(SolutionConfigurationPlatforms) = preSolution
		Debug|Any CPU = Debug|Any CPU
		Release|Any CPU = Release|Any CPU
	EndGlobalSection
	GlobalSection(ProjectConfigurationPlatforms) = postSolution
		{02B4907A-500E-4D45-8B04-5185582FBDC9}.Debug|Any CPU.ActiveCfg = Debug|Any CPU
		{02B4907A-500E-4D45-8B04-5185582FBDC9}.Debug|Any CPU.Build.0 = Debug|Any CPU
		{02B4907A-500E-4D45-8B04-5185582FBDC9}.Release|Any CPU.ActiveCfg = Release|Any CPU
		{02B4907A-500E-4D45-8B04-5185582FBDC9}.Release|Any CPU.Build.0 = Release|Any CPU
	EndGlobalSection
	GlobalSection(SolutionProperties) = preSolution
		HideSolutionNode = FALSE
	EndGlobalSection
	GlobalSection(ExtensibilityGlobals) = postSolution
		SolutionGuid = {C0D6D908-9F8A-4A58-BE40-849B14C3AAE3}
	EndGlobalSection
EndGlobal
